
Microsoft Visual Studio Solution File, Format Version 12.00
# Visual Studio Version 16
VisualStudioVersion = 16.0.29306.81
MinimumVisualStudioVersion = 10.0.40219.1
Project("{9A19103F-16F7-4668-BE54-9A1E7A4F7556}") = "Data", "src\ExperienceApi.Data\Data.csproj", "{92745447-E626-4798-B634-DD6503B4F1EA}"
EndProject
Global
	GlobalSection(SolutionConfigurationPlatforms) = preSolution
		Debug|Any CPU = Debug|Any CPU
		Release|Any CPU = Release|Any CPU
	EndGlobalSection
	GlobalSection(ProjectConfigurationPlatforms) = postSolution
		{92745447-E626-4798-B634-DD6503B4F1EA}.Debug|Any CPU.ActiveCfg = Debug|Any CPU
		{92745447-E626-4798-B634-DD6503B4F1EA}.Debug|Any CPU.Build.0 = Debug|Any CPU
		{92745447-E626-4798-B634-DD6503B4F1EA}.Release|Any CPU.ActiveCfg = Release|Any CPU
		{92745447-E626-4798-B634-DD6503B4F1EA}.Release|Any CPU.Build.0 = Release|Any CPU
	EndGlobalSection
	GlobalSection(SolutionProperties) = preSolution
		HideSolutionNode = FALSE
	EndGlobalSection
	GlobalSection(ExtensibilityGlobals) = postSolution
		SolutionGuid = {2F7AEA13-D08A-4E44-A5C5-B548946A9F36}
	EndGlobalSection
EndGlobal
